
Microsoft Visual Studio Solution File, Format Version 12.00
# Visual Studio 15
VisualStudioVersion = 15.0.26124.0
MinimumVisualStudioVersion = 15.0.26124.0
Project("{FAE04EC0-301F-11D3-BF4B-00C04F79EFBC}") = "Corral", "Corral\Corral.csproj", "{B4CA290E-83E7-4AE3-91BD-14D7FE7F5784}"
EndProject
Project("{FAE04EC0-301F-11D3-BF4B-00C04F79EFBC}") = "CoreLib", "CoreLib\CoreLib.csproj", "{2F636E82-804A-4173-B11F-3628CA621175}"
EndProject
Project("{FAE04EC0-301F-11D3-BF4B-00C04F79EFBC}") = "ExplainError", "ExplainError\ExplainError.csproj", "{C25890FA-0C4F-4062-AE94-344453FA9D3A}"
EndProject
Project("{FAE04EC0-301F-11D3-BF4B-00C04F79EFBC}") = "ProgTransformation", "ProgTransformation\ProgTransformation.csproj", "{1C49F422-03E5-4857-BC08-BF3BC93A6CB5}"
EndProject
Project("{FAE04EC0-301F-11D3-BF4B-00C04F79EFBC}") = "CorralUtil", "Util\CorralUtil.csproj", "{C388093B-0A11-4D90-B111-6C4C9F130819}"
EndProject
Project("{2150E333-8FDC-42A3-9474-1A3956D46DE8}") = "Boogie", "Boogie", "{BC8CC5A0-5B09-EED6-C64D-9E31669AE60F}"
EndProject
Project("{FAE04EC0-301F-11D3-BF4B-00C04F79EFBC}") = "Core", "Boogie\Core\Core.csproj", "{26E7D48A-98C2-4709-AF0C-42855318BC20}"
EndProject
Project("{FAE04EC0-301F-11D3-BF4B-00C04F79EFBC}") = "ExecutionEngine", "Boogie\ExecutionEngine\ExecutionEngine.csproj", "{0B8A88F7-B3CD-4522-B81D-AD449B794F9C}"
EndProject
Project("{FAE04EC0-301F-11D3-BF4B-00C04F79EFBC}") = "VCExpr", "Boogie\VCExpr\VCExpr.csproj", "{B71BD148-3C20-429E-8472-AEA53C7035AB}"
EndProject
Project("{FAE04EC0-301F-11D3-BF4B-00C04F79EFBC}") = "BaseTypes", "Boogie\BaseTypes\BaseTypes.csproj", "{65E1528C-78DD-401A-AC37-324B5D3F5382}"
EndProject
Project("{FAE04EC0-301F-11D3-BF4B-00C04F79EFBC}") = "BoogieDriver", "Boogie\BoogieDriver\BoogieDriver.csproj", "{8599FB7F-BE30-4C39-80B5-3FA6BA5AAFB8}"
EndProject
Project("{FAE04EC0-301F-11D3-BF4B-00C04F79EFBC}") = "Houdini", "Boogie\Houdini\Houdini.csproj", "{B18AA28A-1B85-479A-B6A6-585DD046CD3E}"
EndProject
Project("{FAE04EC0-301F-11D3-BF4B-00C04F79EFBC}") = "Concurrency", "Boogie\Concurrency\Concurrency.csproj", "{02F97DBA-C44C-4002-8608-D4886FFBF293}"
EndProject
Project("{FAE04EC0-301F-11D3-BF4B-00C04F79EFBC}") = "Graph", "Boogie\Graph\Graph.csproj", "{905B8292-83AE-4633-9013-625DB8315A84}"
EndProject
Project("{FAE04EC0-301F-11D3-BF4B-00C04F79EFBC}") = "AbstractInterpretation", "Boogie\AbstractInterpretation\AbstractInterpretation.csproj", "{B92F1DE1-3FFE-473C-841C-233DEED92CFE}"
EndProject
Project("{FAE04EC0-301F-11D3-BF4B-00C04F79EFBC}") = "Model", "Boogie\Model\Model.csproj", "{246EBA71-CE82-4580-9285-50C22849A959}"
EndProject
Project("{FAE04EC0-301F-11D3-BF4B-00C04F79EFBC}") = "CodeContractsExtender", "Boogie\CodeContractsExtender\CodeContractsExtender.csproj", "{F380D66D-4EAD-4B30-9476-2757164920E5}"
EndProject
Project("{FAE04EC0-301F-11D3-BF4B-00C04F79EFBC}") = "VCGeneration", "Boogie\VCGeneration\VCGeneration.csproj", "{6039C320-C5AF-40C3-99A4-EC3796FB2BAF}"
EndProject
Global
	GlobalSection(SolutionConfigurationPlatforms) = preSolution
		Debug|Any CPU = Debug|Any CPU
		Debug|x64 = Debug|x64
		Debug|x86 = Debug|x86
		Release|Any CPU = Release|Any CPU
		Release|x64 = Release|x64
		Release|x86 = Release|x86
	EndGlobalSection
	GlobalSection(ProjectConfigurationPlatforms) = postSolution
		{B4CA290E-83E7-4AE3-91BD-14D7FE7F5784}.Debug|Any CPU.ActiveCfg = Debug|Any CPU
		{B4CA290E-83E7-4AE3-91BD-14D7FE7F5784}.Debug|Any CPU.Build.0 = Debug|Any CPU
		{B4CA290E-83E7-4AE3-91BD-14D7FE7F5784}.Debug|x64.ActiveCfg = Debug|Any CPU
		{B4CA290E-83E7-4AE3-91BD-14D7FE7F5784}.Debug|x64.Build.0 = Debug|Any CPU
		{B4CA290E-83E7-4AE3-91BD-14D7FE7F5784}.Debug|x86.ActiveCfg = Debug|Any CPU
		{B4CA290E-83E7-4AE3-91BD-14D7FE7F5784}.Debug|x86.Build.0 = Debug|Any CPU
		{B4CA290E-83E7-4AE3-91BD-14D7FE7F5784}.Release|Any CPU.ActiveCfg = Release|Any CPU
		{B4CA290E-83E7-4AE3-91BD-14D7FE7F5784}.Release|Any CPU.Build.0 = Release|Any CPU
		{B4CA290E-83E7-4AE3-91BD-14D7FE7F5784}.Release|x64.ActiveCfg = Release|Any CPU
		{B4CA290E-83E7-4AE3-91BD-14D7FE7F5784}.Release|x64.Build.0 = Release|Any CPU
		{B4CA290E-83E7-4AE3-91BD-14D7FE7F5784}.Release|x86.ActiveCfg = Release|Any CPU
		{B4CA290E-83E7-4AE3-91BD-14D7FE7F5784}.Release|x86.Build.0 = Release|Any CPU
		{2F636E82-804A-4173-B11F-3628CA621175}.Debug|Any CPU.ActiveCfg = Debug|Any CPU
		{2F636E82-804A-4173-B11F-3628CA621175}.Debug|Any CPU.Build.0 = Debug|Any CPU
		{2F636E82-804A-4173-B11F-3628CA621175}.Debug|x64.ActiveCfg = Debug|Any CPU
		{2F636E82-804A-4173-B11F-3628CA621175}.Debug|x64.Build.0 = Debug|Any CPU
		{2F636E82-804A-4173-B11F-3628CA621175}.Debug|x86.ActiveCfg = Debug|Any CPU
		{2F636E82-804A-4173-B11F-3628CA621175}.Debug|x86.Build.0 = Debug|Any CPU
		{2F636E82-804A-4173-B11F-3628CA621175}.Release|Any CPU.ActiveCfg = Release|Any CPU
		{2F636E82-804A-4173-B11F-3628CA621175}.Release|Any CPU.Build.0 = Release|Any CPU
		{2F636E82-804A-4173-B11F-3628CA621175}.Release|x64.ActiveCfg = Release|Any CPU
		{2F636E82-804A-4173-B11F-3628CA621175}.Release|x64.Build.0 = Release|Any CPU
		{2F636E82-804A-4173-B11F-3628CA621175}.Release|x86.ActiveCfg = Release|Any CPU
		{2F636E82-804A-4173-B11F-3628CA621175}.Release|x86.Build.0 = Release|Any CPU
		{C25890FA-0C4F-4062-AE94-344453FA9D3A}.Debug|Any CPU.ActiveCfg = Debug|Any CPU
		{C25890FA-0C4F-4062-AE94-344453FA9D3A}.Debug|Any CPU.Build.0 = Debug|Any CPU
		{C25890FA-0C4F-4062-AE94-344453FA9D3A}.Debug|x64.ActiveCfg = Debug|Any CPU
		{C25890FA-0C4F-4062-AE94-344453FA9D3A}.Debug|x64.Build.0 = Debug|Any CPU
		{C25890FA-0C4F-4062-AE94-344453FA9D3A}.Debug|x86.ActiveCfg = Debug|Any CPU
		{C25890FA-0C4F-4062-AE94-344453FA9D3A}.Debug|x86.Build.0 = Debug|Any CPU
		{C25890FA-0C4F-4062-AE94-344453FA9D3A}.Release|Any CPU.ActiveCfg = Release|Any CPU
		{C25890FA-0C4F-4062-AE94-344453FA9D3A}.Release|Any CPU.Build.0 = Release|Any CPU
		{C25890FA-0C4F-4062-AE94-344453FA9D3A}.Release|x64.ActiveCfg = Release|Any CPU
		{C25890FA-0C4F-4062-AE94-344453FA9D3A}.Release|x64.Build.0 = Release|Any CPU
		{C25890FA-0C4F-4062-AE94-344453FA9D3A}.Release|x86.ActiveCfg = Release|Any CPU
		{C25890FA-0C4F-4062-AE94-344453FA9D3A}.Release|x86.Build.0 = Release|Any CPU
		{1C49F422-03E5-4857-BC08-BF3BC93A6CB5}.Debug|Any CPU.ActiveCfg = Debug|Any CPU
		{1C49F422-03E5-4857-BC08-BF3BC93A6CB5}.Debug|Any CPU.Build.0 = Debug|Any CPU
		{1C49F422-03E5-4857-BC08-BF3BC93A6CB5}.Debug|x64.ActiveCfg = Debug|Any CPU
		{1C49F422-03E5-4857-BC08-BF3BC93A6CB5}.Debug|x64.Build.0 = Debug|Any CPU
		{1C49F422-03E5-4857-BC08-BF3BC93A6CB5}.Debug|x86.ActiveCfg = Debug|Any CPU
		{1C49F422-03E5-4857-BC08-BF3BC93A6CB5}.Debug|x86.Build.0 = Debug|Any CPU
		{1C49F422-03E5-4857-BC08-BF3BC93A6CB5}.Release|Any CPU.ActiveCfg = Release|Any CPU
		{1C49F422-03E5-4857-BC08-BF3BC93A6CB5}.Release|Any CPU.Build.0 = Release|Any CPU
		{1C49F422-03E5-4857-BC08-BF3BC93A6CB5}.Release|x64.ActiveCfg = Release|Any CPU
		{1C49F422-03E5-4857-BC08-BF3BC93A6CB5}.Release|x64.Build.0 = Release|Any CPU
		{1C49F422-03E5-4857-BC08-BF3BC93A6CB5}.Release|x86.ActiveCfg = Release|Any CPU
		{1C49F422-03E5-4857-BC08-BF3BC93A6CB5}.Release|x86.Build.0 = Release|Any CPU
		{C388093B-0A11-4D90-B111-6C4C9F130819}.Debug|Any CPU.ActiveCfg = Debug|Any CPU
		{C388093B-0A11-4D90-B111-6C4C9F130819}.Debug|Any CPU.Build.0 = Debug|Any CPU
		{C388093B-0A11-4D90-B111-6C4C9F130819}.Debug|x64.ActiveCfg = Debug|Any CPU
		{C388093B-0A11-4D90-B111-6C4C9F130819}.Debug|x64.Build.0 = Debug|Any CPU
		{C388093B-0A11-4D90-B111-6C4C9F130819}.Debug|x86.ActiveCfg = Debug|Any CPU
		{C388093B-0A11-4D90-B111-6C4C9F130819}.Debug|x86.Build.0 = Debug|Any CPU
		{C388093B-0A11-4D90-B111-6C4C9F130819}.Release|Any CPU.ActiveCfg = Release|Any CPU
		{C388093B-0A11-4D90-B111-6C4C9F130819}.Release|Any CPU.Build.0 = Release|Any CPU
		{C388093B-0A11-4D90-B111-6C4C9F130819}.Release|x64.ActiveCfg = Release|Any CPU
		{C388093B-0A11-4D90-B111-6C4C9F130819}.Release|x64.Build.0 = Release|Any CPU
		{C388093B-0A11-4D90-B111-6C4C9F130819}.Release|x86.ActiveCfg = Release|Any CPU
		{C388093B-0A11-4D90-B111-6C4C9F130819}.Release|x86.Build.0 = Release|Any CPU
		{26E7D48A-98C2-4709-AF0C-42855318BC20}.Debug|Any CPU.ActiveCfg = Debug|Any CPU
		{26E7D48A-98C2-4709-AF0C-42855318BC20}.Debug|Any CPU.Build.0 = Debug|Any CPU
		{26E7D48A-98C2-4709-AF0C-42855318BC20}.Debug|x64.ActiveCfg = Debug|Any CPU
		{26E7D48A-98C2-4709-AF0C-42855318BC20}.Debug|x64.Build.0 = Debug|Any CPU
		{26E7D48A-98C2-4709-AF0C-42855318BC20}.Debug|x86.ActiveCfg = Debug|Any CPU
		{26E7D48A-98C2-4709-AF0C-42855318BC20}.Debug|x86.Build.0 = Debug|Any CPU
		{26E7D48A-98C2-4709-AF0C-42855318BC20}.Release|Any CPU.ActiveCfg = Release|Any CPU
		{26E7D48A-98C2-4709-AF0C-42855318BC20}.Release|Any CPU.Build.0 = Release|Any CPU
		{26E7D48A-98C2-4709-AF0C-42855318BC20}.Release|x64.ActiveCfg = Release|Any CPU
		{26E7D48A-98C2-4709-AF0C-42855318BC20}.Release|x64.Build.0 = Release|Any CPU
		{26E7D48A-98C2-4709-AF0C-42855318BC20}.Release|x86.ActiveCfg = Release|Any CPU
		{26E7D48A-98C2-4709-AF0C-42855318BC20}.Release|x86.Build.0 = Release|Any CPU
		{0B8A88F7-B3CD-4522-B81D-AD449B794F9C}.Debug|Any CPU.ActiveCfg = Debug|Any CPU
		{0B8A88F7-B3CD-4522-B81D-AD449B794F9C}.Debug|Any CPU.Build.0 = Debug|Any CPU
		{0B8A88F7-B3CD-4522-B81D-AD449B794F9C}.Debug|x64.ActiveCfg = Debug|Any CPU
		{0B8A88F7-B3CD-4522-B81D-AD449B794F9C}.Debug|x64.Build.0 = Debug|Any CPU
		{0B8A88F7-B3CD-4522-B81D-AD449B794F9C}.Debug|x86.ActiveCfg = Debug|Any CPU
		{0B8A88F7-B3CD-4522-B81D-AD449B794F9C}.Debug|x86.Build.0 = Debug|Any CPU
		{0B8A88F7-B3CD-4522-B81D-AD449B794F9C}.Release|Any CPU.ActiveCfg = Release|Any CPU
		{0B8A88F7-B3CD-4522-B81D-AD449B794F9C}.Release|Any CPU.Build.0 = Release|Any CPU
		{0B8A88F7-B3CD-4522-B81D-AD449B794F9C}.Release|x64.ActiveCfg = Release|Any CPU
		{0B8A88F7-B3CD-4522-B81D-AD449B794F9C}.Release|x64.Build.0 = Release|Any CPU
		{0B8A88F7-B3CD-4522-B81D-AD449B794F9C}.Release|x86.ActiveCfg = Release|Any CPU
		{0B8A88F7-B3CD-4522-B81D-AD449B794F9C}.Release|x86.Build.0 = Release|Any CPU
		{B71BD148-3C20-429E-8472-AEA53C7035AB}.Debug|Any CPU.ActiveCfg = Debug|Any CPU
		{B71BD148-3C20-429E-8472-AEA53C7035AB}.Debug|Any CPU.Build.0 = Debug|Any CPU
		{B71BD148-3C20-429E-8472-AEA53C7035AB}.Debug|x64.ActiveCfg = Debug|Any CPU
		{B71BD148-3C20-429E-8472-AEA53C7035AB}.Debug|x64.Build.0 = Debug|Any CPU
		{B71BD148-3C20-429E-8472-AEA53C7035AB}.Debug|x86.ActiveCfg = Debug|Any CPU
		{B71BD148-3C20-429E-8472-AEA53C7035AB}.Debug|x86.Build.0 = Debug|Any CPU
		{B71BD148-3C20-429E-8472-AEA53C7035AB}.Release|Any CPU.ActiveCfg = Release|Any CPU
		{B71BD148-3C20-429E-8472-AEA53C7035AB}.Release|Any CPU.Build.0 = Release|Any CPU
		{B71BD148-3C20-429E-8472-AEA53C7035AB}.Release|x64.ActiveCfg = Release|Any CPU
		{B71BD148-3C20-429E-8472-AEA53C7035AB}.Release|x64.Build.0 = Release|Any CPU
		{B71BD148-3C20-429E-8472-AEA53C7035AB}.Release|x86.ActiveCfg = Release|Any CPU
		{B71BD148-3C20-429E-8472-AEA53C7035AB}.Release|x86.Build.0 = Release|Any CPU
		{65E1528C-78DD-401A-AC37-324B5D3F5382}.Debug|Any CPU.ActiveCfg = Debug|Any CPU
		{65E1528C-78DD-401A-AC37-324B5D3F5382}.Debug|Any CPU.Build.0 = Debug|Any CPU
		{65E1528C-78DD-401A-AC37-324B5D3F5382}.Debug|x64.ActiveCfg = Debug|Any CPU
		{65E1528C-78DD-401A-AC37-324B5D3F5382}.Debug|x64.Build.0 = Debug|Any CPU
		{65E1528C-78DD-401A-AC37-324B5D3F5382}.Debug|x86.ActiveCfg = Debug|Any CPU
		{65E1528C-78DD-401A-AC37-324B5D3F5382}.Debug|x86.Build.0 = Debug|Any CPU
		{65E1528C-78DD-401A-AC37-324B5D3F5382}.Release|Any CPU.ActiveCfg = Release|Any CPU
		{65E1528C-78DD-401A-AC37-324B5D3F5382}.Release|Any CPU.Build.0 = Release|Any CPU
		{65E1528C-78DD-401A-AC37-324B5D3F5382}.Release|x64.ActiveCfg = Release|Any CPU
		{65E1528C-78DD-401A-AC37-324B5D3F5382}.Release|x64.Build.0 = Release|Any CPU
		{65E1528C-78DD-401A-AC37-324B5D3F5382}.Release|x86.ActiveCfg = Release|Any CPU
		{65E1528C-78DD-401A-AC37-324B5D3F5382}.Release|x86.Build.0 = Release|Any CPU
		{8599FB7F-BE30-4C39-80B5-3FA6BA5AAFB8}.Debug|Any CPU.ActiveCfg = Debug|Any CPU
		{8599FB7F-BE30-4C39-80B5-3FA6BA5AAFB8}.Debug|Any CPU.Build.0 = Debug|Any CPU
		{8599FB7F-BE30-4C39-80B5-3FA6BA5AAFB8}.Debug|x64.ActiveCfg = Debug|Any CPU
		{8599FB7F-BE30-4C39-80B5-3FA6BA5AAFB8}.Debug|x64.Build.0 = Debug|Any CPU
		{8599FB7F-BE30-4C39-80B5-3FA6BA5AAFB8}.Debug|x86.ActiveCfg = Debug|Any CPU
		{8599FB7F-BE30-4C39-80B5-3FA6BA5AAFB8}.Debug|x86.Build.0 = Debug|Any CPU
		{8599FB7F-BE30-4C39-80B5-3FA6BA5AAFB8}.Release|Any CPU.ActiveCfg = Release|Any CPU
		{8599FB7F-BE30-4C39-80B5-3FA6BA5AAFB8}.Release|Any CPU.Build.0 = Release|Any CPU
		{8599FB7F-BE30-4C39-80B5-3FA6BA5AAFB8}.Release|x64.ActiveCfg = Release|Any CPU
		{8599FB7F-BE30-4C39-80B5-3FA6BA5AAFB8}.Release|x64.Build.0 = Release|Any CPU
		{8599FB7F-BE30-4C39-80B5-3FA6BA5AAFB8}.Release|x86.ActiveCfg = Release|Any CPU
		{8599FB7F-BE30-4C39-80B5-3FA6BA5AAFB8}.Release|x86.Build.0 = Release|Any CPU
		{B18AA28A-1B85-479A-B6A6-585DD046CD3E}.Debug|Any CPU.ActiveCfg = Debug|Any CPU
		{B18AA28A-1B85-479A-B6A6-585DD046CD3E}.Debug|Any CPU.Build.0 = Debug|Any CPU
		{B18AA28A-1B85-479A-B6A6-585DD046CD3E}.Debug|x64.ActiveCfg = Debug|Any CPU
		{B18AA28A-1B85-479A-B6A6-585DD046CD3E}.Debug|x64.Build.0 = Debug|Any CPU
		{B18AA28A-1B85-479A-B6A6-585DD046CD3E}.Debug|x86.ActiveCfg = Debug|Any CPU
		{B18AA28A-1B85-479A-B6A6-585DD046CD3E}.Debug|x86.Build.0 = Debug|Any CPU
		{B18AA28A-1B85-479A-B6A6-585DD046CD3E}.Release|Any CPU.ActiveCfg = Release|Any CPU
		{B18AA28A-1B85-479A-B6A6-585DD046CD3E}.Release|Any CPU.Build.0 = Release|Any CPU
		{B18AA28A-1B85-479A-B6A6-585DD046CD3E}.Release|x64.ActiveCfg = Release|Any CPU
		{B18AA28A-1B85-479A-B6A6-585DD046CD3E}.Release|x64.Build.0 = Release|Any CPU
		{B18AA28A-1B85-479A-B6A6-585DD046CD3E}.Release|x86.ActiveCfg = Release|Any CPU
		{B18AA28A-1B85-479A-B6A6-585DD046CD3E}.Release|x86.Build.0 = Release|Any CPU
		{02F97DBA-C44C-4002-8608-D4886FFBF293}.Debug|Any CPU.ActiveCfg = Debug|Any CPU
		{02F97DBA-C44C-4002-8608-D4886FFBF293}.Debug|Any CPU.Build.0 = Debug|Any CPU
		{02F97DBA-C44C-4002-8608-D4886FFBF293}.Debug|x64.ActiveCfg = Debug|Any CPU
		{02F97DBA-C44C-4002-8608-D4886FFBF293}.Debug|x64.Build.0 = Debug|Any CPU
		{02F97DBA-C44C-4002-8608-D4886FFBF293}.Debug|x86.ActiveCfg = Debug|Any CPU
		{02F97DBA-C44C-4002-8608-D4886FFBF293}.Debug|x86.Build.0 = Debug|Any CPU
		{02F97DBA-C44C-4002-8608-D4886FFBF293}.Release|Any CPU.ActiveCfg = Release|Any CPU
		{02F97DBA-C44C-4002-8608-D4886FFBF293}.Release|Any CPU.Build.0 = Release|Any CPU
		{02F97DBA-C44C-4002-8608-D4886FFBF293}.Release|x64.ActiveCfg = Release|Any CPU
		{02F97DBA-C44C-4002-8608-D4886FFBF293}.Release|x64.Build.0 = Release|Any CPU
		{02F97DBA-C44C-4002-8608-D4886FFBF293}.Release|x86.ActiveCfg = Release|Any CPU
		{02F97DBA-C44C-4002-8608-D4886FFBF293}.Release|x86.Build.0 = Release|Any CPU
		{905B8292-83AE-4633-9013-625DB8315A84}.Debug|Any CPU.ActiveCfg = Debug|Any CPU
		{905B8292-83AE-4633-9013-625DB8315A84}.Debug|Any CPU.Build.0 = Debug|Any CPU
		{905B8292-83AE-4633-9013-625DB8315A84}.Debug|x64.ActiveCfg = Debug|Any CPU
		{905B8292-83AE-4633-9013-625DB8315A84}.Debug|x64.Build.0 = Debug|Any CPU
		{905B8292-83AE-4633-9013-625DB8315A84}.Debug|x86.ActiveCfg = Debug|Any CPU
		{905B8292-83AE-4633-9013-625DB8315A84}.Debug|x86.Build.0 = Debug|Any CPU
		{905B8292-83AE-4633-9013-625DB8315A84}.Release|Any CPU.ActiveCfg = Release|Any CPU
		{905B8292-83AE-4633-9013-625DB8315A84}.Release|Any CPU.Build.0 = Release|Any CPU
		{905B8292-83AE-4633-9013-625DB8315A84}.Release|x64.ActiveCfg = Release|Any CPU
		{905B8292-83AE-4633-9013-625DB8315A84}.Release|x64.Build.0 = Release|Any CPU
		{905B8292-83AE-4633-9013-625DB8315A84}.Release|x86.ActiveCfg = Release|Any CPU
		{905B8292-83AE-4633-9013-625DB8315A84}.Release|x86.Build.0 = Release|Any CPU
		{B92F1DE1-3FFE-473C-841C-233DEED92CFE}.Debug|Any CPU.ActiveCfg = Debug|Any CPU
		{B92F1DE1-3FFE-473C-841C-233DEED92CFE}.Debug|Any CPU.Build.0 = Debug|Any CPU
		{B92F1DE1-3FFE-473C-841C-233DEED92CFE}.Debug|x64.ActiveCfg = Debug|Any CPU
		{B92F1DE1-3FFE-473C-841C-233DEED92CFE}.Debug|x64.Build.0 = Debug|Any CPU
		{B92F1DE1-3FFE-473C-841C-233DEED92CFE}.Debug|x86.ActiveCfg = Debug|Any CPU
		{B92F1DE1-3FFE-473C-841C-233DEED92CFE}.Debug|x86.Build.0 = Debug|Any CPU
		{B92F1DE1-3FFE-473C-841C-233DEED92CFE}.Release|Any CPU.ActiveCfg = Release|Any CPU
		{B92F1DE1-3FFE-473C-841C-233DEED92CFE}.Release|Any CPU.Build.0 = Release|Any CPU
		{B92F1DE1-3FFE-473C-841C-233DEED92CFE}.Release|x64.ActiveCfg = Release|Any CPU
		{B92F1DE1-3FFE-473C-841C-233DEED92CFE}.Release|x64.Build.0 = Release|Any CPU
		{B92F1DE1-3FFE-473C-841C-233DEED92CFE}.Release|x86.ActiveCfg = Release|Any CPU
		{B92F1DE1-3FFE-473C-841C-233DEED92CFE}.Release|x86.Build.0 = Release|Any CPU
		{246EBA71-CE82-4580-9285-50C22849A959}.Debug|Any CPU.ActiveCfg = Debug|Any CPU
		{246EBA71-CE82-4580-9285-50C22849A959}.Debug|Any CPU.Build.0 = Debug|Any CPU
		{246EBA71-CE82-4580-9285-50C22849A959}.Debug|x64.ActiveCfg = Debug|Any CPU
		{246EBA71-CE82-4580-9285-50C22849A959}.Debug|x64.Build.0 = Debug|Any CPU
		{246EBA71-CE82-4580-9285-50C22849A959}.Debug|x86.ActiveCfg = Debug|Any CPU
		{246EBA71-CE82-4580-9285-50C22849A959}.Debug|x86.Build.0 = Debug|Any CPU
		{246EBA71-CE82-4580-9285-50C22849A959}.Release|Any CPU.ActiveCfg = Release|Any CPU
		{246EBA71-CE82-4580-9285-50C22849A959}.Release|Any CPU.Build.0 = Release|Any CPU
		{246EBA71-CE82-4580-9285-50C22849A959}.Release|x64.ActiveCfg = Release|Any CPU
		{246EBA71-CE82-4580-9285-50C22849A959}.Release|x64.Build.0 = Release|Any CPU
		{246EBA71-CE82-4580-9285-50C22849A959}.Release|x86.ActiveCfg = Release|Any CPU
		{246EBA71-CE82-4580-9285-50C22849A959}.Release|x86.Build.0 = Release|Any CPU
		{F380D66D-4EAD-4B30-9476-2757164920E5}.Debug|Any CPU.ActiveCfg = Debug|Any CPU
		{F380D66D-4EAD-4B30-9476-2757164920E5}.Debug|Any CPU.Build.0 = Debug|Any CPU
		{F380D66D-4EAD-4B30-9476-2757164920E5}.Debug|x64.ActiveCfg = Debug|Any CPU
		{F380D66D-4EAD-4B30-9476-2757164920E5}.Debug|x64.Build.0 = Debug|Any CPU
		{F380D66D-4EAD-4B30-9476-2757164920E5}.Debug|x86.ActiveCfg = Debug|Any CPU
		{F380D66D-4EAD-4B30-9476-2757164920E5}.Debug|x86.Build.0 = Debug|Any CPU
		{F380D66D-4EAD-4B30-9476-2757164920E5}.Release|Any CPU.ActiveCfg = Release|Any CPU
		{F380D66D-4EAD-4B30-9476-2757164920E5}.Release|Any CPU.Build.0 = Release|Any CPU
		{F380D66D-4EAD-4B30-9476-2757164920E5}.Release|x64.ActiveCfg = Release|Any CPU
		{F380D66D-4EAD-4B30-9476-2757164920E5}.Release|x64.Build.0 = Release|Any CPU
		{F380D66D-4EAD-4B30-9476-2757164920E5}.Release|x86.ActiveCfg = Release|Any CPU
		{F380D66D-4EAD-4B30-9476-2757164920E5}.Release|x86.Build.0 = Release|Any CPU
		{6039C320-C5AF-40C3-99A4-EC3796FB2BAF}.Debug|Any CPU.ActiveCfg = Debug|Any CPU
		{6039C320-C5AF-40C3-99A4-EC3796FB2BAF}.Debug|Any CPU.Build.0 = Debug|Any CPU
		{6039C320-C5AF-40C3-99A4-EC3796FB2BAF}.Debug|x64.ActiveCfg = Debug|Any CPU
		{6039C320-C5AF-40C3-99A4-EC3796FB2BAF}.Debug|x64.Build.0 = Debug|Any CPU
		{6039C320-C5AF-40C3-99A4-EC3796FB2BAF}.Debug|x86.ActiveCfg = Debug|Any CPU
		{6039C320-C5AF-40C3-99A4-EC3796FB2BAF}.Debug|x86.Build.0 = Debug|Any CPU
		{6039C320-C5AF-40C3-99A4-EC3796FB2BAF}.Release|Any CPU.ActiveCfg = Release|Any CPU
		{6039C320-C5AF-40C3-99A4-EC3796FB2BAF}.Release|Any CPU.Build.0 = Release|Any CPU
		{6039C320-C5AF-40C3-99A4-EC3796FB2BAF}.Release|x64.ActiveCfg = Release|Any CPU
		{6039C320-C5AF-40C3-99A4-EC3796FB2BAF}.Release|x64.Build.0 = Release|Any CPU
		{6039C320-C5AF-40C3-99A4-EC3796FB2BAF}.Release|x86.ActiveCfg = Release|Any CPU
		{6039C320-C5AF-40C3-99A4-EC3796FB2BAF}.Release|x86.Build.0 = Release|Any CPU
	EndGlobalSection
	GlobalSection(SolutionProperties) = preSolution
		HideSolutionNode = FALSE
	EndGlobalSection
	GlobalSection(NestedProjects) = preSolution
		{26E7D48A-98C2-4709-AF0C-42855318BC20} = {BC8CC5A0-5B09-EED6-C64D-9E31669AE60F}
		{0B8A88F7-B3CD-4522-B81D-AD449B794F9C} = {BC8CC5A0-5B09-EED6-C64D-9E31669AE60F}
		{B71BD148-3C20-429E-8472-AEA53C7035AB} = {BC8CC5A0-5B09-EED6-C64D-9E31669AE60F}
		{65E1528C-78DD-401A-AC37-324B5D3F5382} = {BC8CC5A0-5B09-EED6-C64D-9E31669AE60F}
		{8599FB7F-BE30-4C39-80B5-3FA6BA5AAFB8} = {BC8CC5A0-5B09-EED6-C64D-9E31669AE60F}
		{B18AA28A-1B85-479A-B6A6-585DD046CD3E} = {BC8CC5A0-5B09-EED6-C64D-9E31669AE60F}
		{02F97DBA-C44C-4002-8608-D4886FFBF293} = {BC8CC5A0-5B09-EED6-C64D-9E31669AE60F}
		{905B8292-83AE-4633-9013-625DB8315A84} = {BC8CC5A0-5B09-EED6-C64D-9E31669AE60F}
		{B92F1DE1-3FFE-473C-841C-233DEED92CFE} = {BC8CC5A0-5B09-EED6-C64D-9E31669AE60F}
		{246EBA71-CE82-4580-9285-50C22849A959} = {BC8CC5A0-5B09-EED6-C64D-9E31669AE60F}
		{F380D66D-4EAD-4B30-9476-2757164920E5} = {BC8CC5A0-5B09-EED6-C64D-9E31669AE60F}
		{6039C320-C5AF-40C3-99A4-EC3796FB2BAF} = {BC8CC5A0-5B09-EED6-C64D-9E31669AE60F}
	EndGlobalSection
EndGlobal
